<?xml version="1.0" encoding="utf-8"?>
<Project ToolsVersion="4.0" xmlns="http://schemas.microsoft.com/developer/msbuild/2003">
  <ItemGroup>
    <Filter Include="Source Files">
      <UniqueIdentifier>{4FC737F1-C7A5-4376-A066-2A32D752A2FF}</UniqueIdentifier>
      <Extensions>cpp;c;cc;cxx;def;odl;idl;hpj;bat;asm;asmx</Extensions>
    </Filter>
    <Filter Include="Header Files">
      <UniqueIdentifier>{93995380-89BD-4b04-88EB-625FBE52EBFB}</UniqueIdentifier>
      <Extensions>h;hpp;hxx;hm;inl;inc;xsd</Extensions>
    </Filter>
    <Filter Include="Resource Files">
      <UniqueIdentifier>{67DA6AB6-F800-4c08-8B7A-83BB121AAD01}</UniqueIdentifier>
      <Extensions>rc;ico;cur;bmp;dlg;rc2;rct;bin;rgs;gif;jpg;jpeg;jpe;resx;tiff;tif;png;wav;mfcribbon-ms</Extensions>
    </Filter>
  </ItemGroup>
  <ItemGroup>
    <None Include="app.ico">
      <Filter>Resource Files</Filter>
    </None>
    <None Include="ReadMe.txt" />
  </ItemGroup>
  <ItemGroup>
    <ClInclude Include="stdafx.h">
      <Filter>Header Files</Filter>
    </ClInclude>
    <ClInclude Include="DaGameEngine.h">
      <Filter>Header Files</Filter>
    </ClInclude>
    <ClInclude Include="DaKeyCodes.h">
      <Filter>Header Files</Filter>
    </ClInclude>
    <ClInclude Include="DaKeyMap.h">
      <Filter>Header Files</Filter>
    </ClInclude>
    <ClInclude Include="DaWindow.h">
      <Filter>Header Files</Filter>
    </ClInclude>
    <ClInclude Include="dge.h">
      <Filter>Header Files</Filter>
    </ClInclude>
    <ClInclude Include="resource.h">
      <Filter>Header Files</Filter>
    </ClInclude>
    <ClInclude Include="definitions.h">
      <Filter>Header Files</Filter>
    </ClInclude>
    <ClInclude Include="IShader.h">
      <Filter>Header Files</Filter>
    </ClInclude>
    <ClInclude Include="DaGraphics.h">
      <Filter>Header Files</Filter>
    </ClInclude>
    <ClInclude Include="DaVertexShader.h">
      <Filter>Header Files</Filter>
    </ClInclude>
    <ClInclude Include="IObject.h">
      <Filter>Header Files</Filter>
    </ClInclude>
    <ClInclude Include="IRenderable.h">
      <Filter>Header Files</Filter>
    </ClInclude>
    <ClInclude Include="IInputComponent.h">
      <Filter>Header Files</Filter>
    </ClInclude>
    <ClInclude Include="IControllable.h">
      <Filter>Header Files</Filter>
    </ClInclude>
    <ClInclude Include="DaFile.h">
      <Filter>Header Files</Filter>
    </ClInclude>
    <ClInclude Include="DaMesh.h">
      <Filter>Header Files</Filter>
    </ClInclude>
    <ClInclude Include="DaBitMap.h">
      <Filter>Header Files</Filter>
    </ClInclude>
    <ClInclude Include="DaAsset.h">
      <Filter>Header Files</Filter>
    </ClInclude>
    <ClInclude Include="DaPixelShader.h">
      <Filter>Header Files</Filter>
    </ClInclude>
    <ClInclude Include="DaDomainShader.h">
      <Filter>Header Files</Filter>
    </ClInclude>
    <ClInclude Include="DaEngine.h">
      <Filter>Header Files</Filter>
    </ClInclude>
    <ClInclude Include="singleton.h">
      <Filter>Header Files</Filter>
    </ClInclude>
    <ClInclude Include="DaTimer.h">
      <Filter>Header Files</Filter>
    </ClInclude>
    <ClInclude Include="DaTextHelper.h">
      <Filter>Header Files</Filter>
    </ClInclude>
    <ClInclude Include="IText.h">
      <Filter>Header Files</Filter>
    </ClInclude>
  </ItemGroup>
  <ItemGroup>
    <ResourceCompile Include="app.rc">
      <Filter>Resource Files</Filter>
    </ResourceCompile>
  </ItemGroup>
  <ItemGroup>
    <ClCompile Include="AssemblyInfo.cpp">
      <Filter>Source Files</Filter>
    </ClCompile>
    <ClCompile Include="DaGameEngine.cpp">
      <Filter>Source Files</Filter>
    </ClCompile>
    <ClCompile Include="DaKeyMap.cpp">
      <Filter>Source Files</Filter>
    </ClCompile>
    <ClCompile Include="DaWindow.cpp">
      <Filter>Source Files</Filter>
    </ClCompile>
    <ClCompile Include="Stdafx.cpp">
      <Filter>Source Files</Filter>
    </ClCompile>
    <ClCompile Include="IShader.cpp">
      <Filter>Source Files</Filter>
    </ClCompile>
    <ClCompile Include="DaGraphics.cpp">
      <Filter>Source Files</Filter>
    </ClCompile>
    <ClCompile Include="DaVertexShader.cpp">
      <Filter>Source Files</Filter>
    </ClCompile>
    <ClCompile Include="IObject.cpp">
      <Filter>Source Files</Filter>
    </ClCompile>
    <ClCompile Include="IRenderable.cpp">
      <Filter>Source Files</Filter>
    </ClCompile>
    <ClCompile Include="IInputComponent.cpp">
      <Filter>Source Files</Filter>
    </ClCompile>
    <ClCompile Include="IControllable.cpp">
      <Filter>Source Files</Filter>
    </ClCompile>
    <ClCompile Include="DaFile.cpp">
      <Filter>Source Files</Filter>
    </ClCompile>
    <ClCompile Include="DaMesh.cpp">
      <Filter>Source Files</Filter>
    </ClCompile>
    <ClCompile Include="DaBitMap.cpp">
      <Filter>Source Files</Filter>
    </ClCompile>
    <ClCompile Include="DaAsset.cpp">
      <Filter>Source Files</Filter>
    </ClCompile>
    <ClCompile Include="DaPixelShader.cpp">
      <Filter>Source Files</Filter>
    </ClCompile>
    <ClCompile Include="DaDomainShader.cpp">
      <Filter>Source Files</Filter>
    </ClCompile>
    <ClCompile Include="DaEngine.cpp">
      <Filter>Source Files</Filter>
    </ClCompile>
    <ClCompile Include="DaTimer.cpp">
      <Filter>Source Files</Filter>
    </ClCompile>
    <ClCompile Include="DaTextHelper.cpp">
      <Filter>Source Files</Filter>
    </ClCompile>
    <ClCompile Include="IText.cpp">
      <Filter>Source Files</Filter>
    </ClCompile>
  </ItemGroup>
</Project>